# AUTO-GENERATED — do not edit manually.
# Run: python3 senzing-bootcamp/scripts/sync_hook_registry.py --write
generated_at: "2026-07-08T02:03:27Z"
hooks:
  - id: analyze-after-mapping
    version: "v1"
    category: module
    event_type: PostFileCreate
  - id: ask-bootcamper
    version: "v1"
    category: critical
    event_type: Stop
  - id: backup-before-load
    version: "v1"
    category: module
    event_type: PostFileSave
  - id: code-style-check
    version: "v1"
    category: critical
    event_type: PostFileSave
  - id: data-quality-check
    version: "v1"
    category: module
    event_type: PostFileSave
  - id: deployment-phase-gate
    version: "v1"
    category: module
    event_type: PostTaskExec
  - id: enforce-critical-artifacts
    version: "v1"
    category: module
    event_type: Stop
  - id: enforce-gate-on-stop
    version: "v1"
    category: module
    event_type: Stop
  - id: enforce-mandatory-gate
    version: "v1"
    category: module
    event_type: PreToolUse
  - id: enforce-mapping-spec
    version: "v1"
    category: module
    event_type: PostFileCreate
  - id: enforce-visualization-offers
    version: "v1"
    category: module
    event_type: Stop
  - id: error-recovery-context
    version: "v1"
    category: module
    event_type: PostToolUse
  - id: gate-module3-visualization
    version: "v1"
    category: module
    event_type: PreToolUse
  - id: module-completion-celebration
    version: "v1"
    category: module
    event_type: Stop
  - id: module-recap-append
    version: "v1"
    category: module
    event_type: Stop
  - id: review-bootcamper-input
    version: "v1"
    category: critical
    event_type: UserPromptSubmit
  - id: run-tests-after-change
    version: "v1"
    category: module
    event_type: PostFileSave
  - id: security-scan-on-save
    version: "v1"
    category: module
    event_type: PostFileSave
  - id: session-log-events
    version: "v1"
    category: module
    event_type: PostToolUse
  - id: validate-alert-config
    version: "v1"
    category: module
    event_type: PostFileCreate
  - id: validate-benchmark-results
    version: "v1"
    category: module
    event_type: PostFileSave
  - id: validate-business-problem
    version: "v1"
    category: module
    event_type: PostTaskExec
  - id: validate-data-files
    version: "v1"
    category: module
    event_type: PostFileCreate
  - id: verify-demo-results
    version: "v1"
    category: module
    event_type: PostTaskExec
  - id: verify-generated-code
    version: "v1"
    category: module
    event_type: PostFileCreate
  - id: verify-sdk-setup
    version: "v1"
    category: module
    event_type: PostFileSave
  - id: write-policy-gate
    version: "v1"
    category: critical
    event_type: PreToolUse
